// !$*UTF8*$!
{
	archiveVersion = 1;
	classes = {
	};
	objectVersion = 46;
	objects = {

/* Begin PBXBuildFile section */
		BC1967D21B480F6000D0A658 /* main.m in Sources */ = {isa = PBXBuildFile; fileRef = BC1967D11B480F6000D0A658 /* main.m */; };
		BC1967D51B480F6000D0A658 /* AppDelegate.m in Sources */ = {isa = PBXBuildFile; fileRef = BC1967D41B480F6000D0A658 /* AppDelegate.m */; };
		BC1967D81B480F6000D0A658 /* ViewController.m in Sources */ = {isa = PBXBuildFile; fileRef = BC1967D71B480F6000D0A658 /* ViewController.m */; };
		BC1967DB1B480F6000D0A658 /* Main.storyboard in Resources */ = {isa = PBXBuildFile; fileRef = BC1967D91B480F6000D0A658 /* Main.storyboard */; };
		BC1967DD1B480F6000D0A658 /* Images.xcassets in Resources */ = {isa = PBXBuildFile; fileRef = BC1967DC1B480F6000D0A658 /* Images.xcassets */; };
		BC1967E01B480F6000D0A658 /* LaunchScreen.xib in Resources */ = {isa = PBXBuildFile; fileRef = BC1967DE1B480F6000D0A658 /* LaunchScreen.xib */; };
		BC1967EC1B480F6000D0A658 /* qqChatTests.m in Sources */ = {isa = PBXBuildFile; fileRef = BC1967EB1B480F6000D0A658 /* qqChatTests.m */; };
		BC1968171B480F7C00D0A658 /* Icon-120.png in Resources */ = {isa = PBXBuildFile; fileRef = BC1967F91B480F7C00D0A658 /* Icon-120.png */; };
		BC1968181B480F7C00D0A658 /* Icon-144.png in Resources */ = {isa = PBXBuildFile; fileRef = BC1967FA1B480F7C00D0A658 /* Icon-144.png */; };
		BC1968191B480F7C00D0A658 /* Icon-152.png in Resources */ = {isa = PBXBuildFile; fileRef = BC1967FB1B480F7C00D0A658 /* Icon-152.png */; };
		BC19681A1B480F7C00D0A658 /* Icon-29.png in Resources */ = {isa = PBXBuildFile; fileRef = BC1967FC1B480F7C00D0A658 /* Icon-29.png */; };
		BC19681B1B480F7C00D0A658 /* Icon-58.png in Resources */ = {isa = PBXBuildFile; fileRef = BC1967FD1B480F7C00D0A658 /* Icon-58.png */; };
		BC19681C1B480F7C00D0A658 /* Icon-72.png in Resources */ = {isa = PBXBuildFile; fileRef = BC1967FE1B480F7C00D0A658 /* Icon-72.png */; };
		BC19681D1B480F7C00D0A658 /* Icon-76.png in Resources */ = {isa = PBXBuildFile; fileRef = BC1967FF1B480F7C00D0A658 /* Icon-76.png */; };
		BC19681E1B480F7C00D0A658 /* Icon-80.png in Resources */ = {isa = PBXBuildFile; fileRef = BC1968001B480F7C00D0A658 /* Icon-80.png */; };
		BC19681F1B480F7C00D0A658 /* Icon.png in Resources */ = {isa = PBXBuildFile; fileRef = BC1968011B480F7C00D0A658 /* Icon.png */; };
		BC1968201B480F7C00D0A658 /* Icon@2x.png in Resources */ = {isa = PBXBuildFile; fileRef = BC1968021B480F7C00D0A658 /* Icon@2x.png */; };
		BC1968211B480F7C00D0A658 /* chat_bottom_bg@2x.png in Resources */ = {isa = PBXBuildFile; fileRef = BC1968041B480F7C00D0A658 /* chat_bottom_bg@2x.png */; };
		BC1968221B480F7C00D0A658 /* chat_bottom_smile_nor@2x.png in Resources */ = {isa = PBXBuildFile; fileRef = BC1968051B480F7C00D0A658 /* chat_bottom_smile_nor@2x.png */; };
		BC1968231B480F7C00D0A658 /* chat_bottom_smile_press@2x.png in Resources */ = {isa = PBXBuildFile; fileRef = BC1968061B480F7C00D0A658 /* chat_bottom_smile_press@2x.png */; };
		BC1968241B480F7C00D0A658 /* chat_bottom_textfield@2x.png in Resources */ = {isa = PBXBuildFile; fileRef = BC1968071B480F7C00D0A658 /* chat_bottom_textfield@2x.png */; };
		BC1968251B480F7C00D0A658 /* chat_bottom_up_nor@2x.png in Resources */ = {isa = PBXBuildFile; fileRef = BC1968081B480F7C00D0A658 /* chat_bottom_up_nor@2x.png */; };
		BC1968261B480F7C00D0A658 /* chat_bottom_up_press@2x.png in Resources */ = {isa = PBXBuildFile; fileRef = BC1968091B480F7C00D0A658 /* chat_bottom_up_press@2x.png */; };
		BC1968271B480F7C00D0A658 /* chat_bottom_voice_nor@2x.png in Resources */ = {isa = PBXBuildFile; fileRef = BC19680A1B480F7C00D0A658 /* chat_bottom_voice_nor@2x.png */; };
		BC1968281B480F7C00D0A658 /* chat_bottom_voice_press@2x.png in Resources */ = {isa = PBXBuildFile; fileRef = BC19680B1B480F7C00D0A658 /* chat_bottom_voice_press@2x.png */; };
		BC1968291B480F7C00D0A658 /* chat_recive_nor@2x.png in Resources */ = {isa = PBXBuildFile; fileRef = BC19680C1B480F7C00D0A658 /* chat_recive_nor@2x.png */; };
		BC19682A1B480F7C00D0A658 /* chat_recive_press_pic@2x.png in Resources */ = {isa = PBXBuildFile; fileRef = BC19680D1B480F7C00D0A658 /* chat_recive_press_pic@2x.png */; };
		BC19682B1B480F7C00D0A658 /* chat_send_nor@2x.png in Resources */ = {isa = PBXBuildFile; fileRef = BC19680E1B480F7C00D0A658 /* chat_send_nor@2x.png */; };
		BC19682C1B480F7C00D0A658 /* chat_send_press_pic@2x.png in Resources */ = {isa = PBXBuildFile; fileRef = BC19680F1B480F7C00D0A658 /* chat_send_press_pic@2x.png */; };
		BC19682D1B480F7C00D0A658 /* me.png in Resources */ = {isa = PBXBuildFile; fileRef = BC1968101B480F7C00D0A658 /* me.png */; };
		BC19682E1B480F7C00D0A658 /* other.png in Resources */ = {isa = PBXBuildFile; fileRef = BC1968111B480F7C00D0A658 /* other.png */; };
		BC19682F1B480F7C00D0A658 /* Default-568h@2x.png in Resources */ = {isa = PBXBuildFile; fileRef = BC1968131B480F7C00D0A658 /* Default-568h@2x.png */; };
		BC1968301B480F7C00D0A658 /* Default.png in Resources */ = {isa = PBXBuildFile; fileRef = BC1968141B480F7C00D0A658 /* Default.png */; };
		BC1968311B480F7C00D0A658 /* Default@2x.png in Resources */ = {isa = PBXBuildFile; fileRef = BC1968151B480F7C00D0A658 /* Default@2x.png */; };
		BC1968321B480F7C00D0A658 /* messages.plist in Resources */ = {isa = PBXBuildFile; fileRef = BC1968161B480F7C00D0A658 /* messages.plist */; };
		BC19683A1B4814F800D0A658 /* DialogModel.m in Sources */ = {isa = PBXBuildFile; fileRef = BC1968391B4814F800D0A658 /* DialogModel.m */; };
		BC19683D1B48189200D0A658 /* DialgCell.m in Sources */ = {isa = PBXBuildFile; fileRef = BC19683C1B48189200D0A658 /* DialgCell.m */; };
		BC1968401B481D9E00D0A658 /* MesFramModel.m in Sources */ = {isa = PBXBuildFile; fileRef = BC19683F1B481D9E00D0A658 /* MesFramModel.m */; };
/* End PBXBuildFile section */

/* Begin PBXContainerItemProxy section */
		BC1967E61B480F6000D0A658 /* PBXContainerItemProxy */ = {
			isa = PBXContainerItemProxy;
			containerPortal = BC1967C41B480F6000D0A658 /* Project object */;
			proxyType = 1;
			remoteGlobalIDString = BC1967CB1B480F6000D0A658;
			remoteInfo = qqChat;
		};
/* End PBXContainerItemProxy section */

/* Begin PBXFileReference section */
		BC1967CC1B480F6000D0A658 /* qqChat.app */ = {isa = PBXFileReference; explicitFileType = wrapper.application; includeInIndex = 0; path = qqChat.app; sourceTree = BUILT_PRODUCTS_DIR; };
		BC1967D01B480F6000D0A658 /* Info.plist */ = {isa = PBXFileReference; lastKnownFileType = text.plist.xml; path = Info.plist; sourceTree = "<group>"; };
		BC1967D11B480F6000D0A658 /* main.m */ = {isa = PBXFileReference; lastKnownFileType = sourcecode.c.objc; path = main.m; sourceTree = "<group>"; };
		BC1967D31B480F6000D0A658 /* AppDelegate.h */ = {isa = PBXFileReference; lastKnownFileType = sourcecode.c.h; path = AppDelegate.h; sourceTree = "<group>"; };
		BC1967D41B480F6000D0A658 /* AppDelegate.m */ = {isa = PBXFileReference; lastKnownFileType = sourcecode.c.objc; path = AppDelegate.m; sourceTree = "<group>"; };
		BC1967D61B480F6000D0A658 /* ViewController.h */ = {isa = PBXFileReference; lastKnownFileType = sourcecode.c.h; name = ViewController.h; path = ../qqChat/ViewController.h; sourceTree = "<group>"; };
		BC1967D71B480F6000D0A658 /* ViewController.m */ = {isa = PBXFileReference; lastKnownFileType = sourcecode.c.objc; name = ViewController.m; path = ../qqChat/ViewController.m; sourceTree = "<group>"; };
		BC1967DA1B480F6000D0A658 /* Base */ = {isa = PBXFileReference; lastKnownFileType = file.storyboard; name = Base; path = Base.lproj/Main.storyboard; sourceTree = "<group>"; };
		BC1967DC1B480F6000D0A658 /* Images.xcassets */ = {isa = PBXFileReference; lastKnownFileType = folder.assetcatalog; path = Images.xcassets; sourceTree = "<group>"; };
		BC1967DF1B480F6000D0A658 /* Base */ = {isa = PBXFileReference; lastKnownFileType = file.xib; name = Base; path = Base.lproj/LaunchScreen.xib; sourceTree = "<group>"; };
		BC1967E51B480F6000D0A658 /* qqChatTests.xctest */ = {isa = PBXFileReference; explicitFileType = wrapper.cfbundle; includeInIndex = 0; path = qqChatTests.xctest; sourceTree = BUILT_PRODUCTS_DIR; };
		BC1967EA1B480F6000D0A658 /* Info.plist */ = {isa = PBXFileReference; lastKnownFileType = text.plist.xml; path = Info.plist; sourceTree = "<group>"; };
		BC1967EB1B480F6000D0A658 /* qqChatTests.m */ = {isa = PBXFileReference; lastKnownFileType = sourcecode.c.objc; path = qqChatTests.m; sourceTree = "<group>"; };
		BC1967F91B480F7C00D0A658 /* Icon-120.png */ = {isa = PBXFileReference; lastKnownFileType = image.png; path = "Icon-120.png"; sourceTree = "<group>"; };
		BC1967FA1B480F7C00D0A658 /* Icon-144.png */ = {isa = PBXFileReference; lastKnownFileType = image.png; path = "Icon-144.png"; sourceTree = "<group>"; };
		BC1967FB1B480F7C00D0A658 /* Icon-152.png */ = {isa = PBXFileReference; lastKnownFileType = image.png; path = "Icon-152.png"; sourceTree = "<group>"; };
		BC1967FC1B480F7C00D0A658 /* Icon-29.png */ = {isa = PBXFileReference; lastKnownFileType = image.png; path = "Icon-29.png"; sourceTree = "<group>"; };
		BC1967FD1B480F7C00D0A658 /* Icon-58.png */ = {isa = PBXFileReference; lastKnownFileType = image.png; path = "Icon-58.png"; sourceTree = "<group>"; };
		BC1967FE1B480F7C00D0A658 /* Icon-72.png */ = {isa = PBXFileReference; lastKnownFileType = image.png; path = "Icon-72.png"; sourceTree = "<group>"; };
		BC1967FF1B480F7C00D0A658 /* Icon-76.png */ = {isa = PBXFileReference; lastKnownFileType = image.png; path = "Icon-76.png"; sourceTree = "<group>"; };
		BC1968001B480F7C00D0A658 /* Icon-80.png */ = {isa = PBXFileReference; lastKnownFileType = image.png; path = "Icon-80.png"; sourceTree = "<group>"; };
		BC1968011B480F7C00D0A658 /* Icon.png */ = {isa = PBXFileReference; lastKnownFileType = image.png; path = Icon.png; sourceTree = "<group>"; };
		BC1968021B480F7C00D0A658 /* Icon@2x.png */ = {isa = PBXFileReference; lastKnownFileType = image.png; path = "Icon@2x.png"; sourceTree = "<group>"; };
		BC1968041B480F7C00D0A658 /* chat_bottom_bg@2x.png */ = {isa = PBXFileReference; lastKnownFileType = image.png; path = "chat_bottom_bg@2x.png"; sourceTree = "<group>"; };
		BC1968051B480F7C00D0A658 /* chat_bottom_smile_nor@2x.png */ = {isa = PBXFileReference; lastKnownFileType = image.png; path = "chat_bottom_smile_nor@2x.png"; sourceTree = "<group>"; };
		BC1968061B480F7C00D0A658 /* chat_bottom_smile_press@2x.png */ = {isa = PBXFileReference; lastKnownFileType = image.png; path = "chat_bottom_smile_press@2x.png"; sourceTree = "<group>"; };
		BC1968071B480F7C00D0A658 /* chat_bottom_textfield@2x.png */ = {isa = PBXFileReference; lastKnownFileType = image.png; path = "chat_bottom_textfield@2x.png"; sourceTree = "<group>"; };
		BC1968081B480F7C00D0A658 /* chat_bottom_up_nor@2x.png */ = {isa = PBXFileReference; lastKnownFileType = image.png; path = "chat_bottom_up_nor@2x.png"; sourceTree = "<group>"; };
		BC1968091B480F7C00D0A658 /* chat_bottom_up_press@2x.png */ = {isa = PBXFileReference; lastKnownFileType = image.png; path = "chat_bottom_up_press@2x.png"; sourceTree = "<group>"; };
		BC19680A1B480F7C00D0A658 /* chat_bottom_voice_nor@2x.png */ = {isa = PBXFileReference; lastKnownFileType = image.png; path = "chat_bottom_voice_nor@2x.png"; sourceTree = "<group>"; };
		BC19680B1B480F7C00D0A658 /* chat_bottom_voice_press@2x.png */ = {isa = PBXFileReference; lastKnownFileType = image.png; path = "chat_bottom_voice_press@2x.png"; sourceTree = "<group>"; };
		BC19680C1B480F7C00D0A658 /* chat_recive_nor@2x.png */ = {isa = PBXFileReference; lastKnownFileType = image.png; path = "chat_recive_nor@2x.png"; sourceTree = "<group>"; };
		BC19680D1B480F7C00D0A658 /* chat_recive_press_pic@2x.png */ = {isa = PBXFileReference; lastKnownFileType = image.png; path = "chat_recive_press_pic@2x.png"; sourceTree = "<group>"; };
		BC19680E1B480F7C00D0A658 /* chat_send_nor@2x.png */ = {isa = PBXFileReference; lastKnownFileType = image.png; path = "chat_send_nor@2x.png"; sourceTree = "<group>"; };
		BC19680F1B480F7C00D0A658 /* chat_send_press_pic@2x.png */ = {isa = PBXFileReference; lastKnownFileType = image.png; path = "chat_send_press_pic@2x.png"; sourceTree = "<group>"; };
		BC1968101B480F7C00D0A658 /* me.png */ = {isa = PBXFileReference; lastKnownFileType = image.png; path = me.png; sourceTree = "<group>"; };
		BC1968111B480F7C00D0A658 /* other.png */ = {isa = PBXFileReference; lastKnownFileType = image.png; path = other.png; sourceTree = "<group>"; };
		BC1968131B480F7C00D0A658 /* Default-568h@2x.png */ = {isa = PBXFileReference; lastKnownFileType = image.png; path = "Default-568h@2x.png"; sourceTree = "<group>"; };
		BC1968141B480F7C00D0A658 /* Default.png */ = {isa = PBXFileReference; lastKnownFileType = image.png; path = Default.png; sourceTree = "<group>"; };
		BC1968151B480F7C00D0A658 /* Default@2x.png */ = {isa = PBXFileReference; lastKnownFileType = image.png; path = "Default@2x.png"; sourceTree = "<group>"; };
		BC1968161B480F7C00D0A658 /* messages.plist */ = {isa = PBXFileReference; fileEncoding = 4; lastKnownFileType = text.plist.xml; path = messages.plist; sourceTree = "<group>"; };
		BC1968381B4814F800D0A658 /* DialogModel.h */ = {isa = PBXFileReference; fileEncoding = 4; lastKnownFileType = sourcecode.c.h; path = DialogModel.h; sourceTree = "<group>"; };
		BC1968391B4814F800D0A658 /* DialogModel.m */ = {isa = PBXFileReference; fileEncoding = 4; lastKnownFileType = sourcecode.c.objc; path = DialogModel.m; sourceTree = "<group>"; };
		BC19683B1B48189200D0A658 /* DialgCell.h */ = {isa = PBXFileReference; fileEncoding = 4; lastKnownFileType = sourcecode.c.h; path = DialgCell.h; sourceTree = "<group>"; };
		BC19683C1B48189200D0A658 /* DialgCell.m */ = {isa = PBXFileReference; fileEncoding = 4; lastKnownFileType = sourcecode.c.objc; path = DialgCell.m; sourceTree = "<group>"; };
		BC19683E1B481D9E00D0A658 /* MesFramModel.h */ = {isa = PBXFileReference; fileEncoding = 4; lastKnownFileType = sourcecode.c.h; name = MesFramModel.h; path = "作业3素材/MesFramModel.h"; sourceTree = "<group>"; };
		BC19683F1B481D9E00D0A658 /* MesFramModel.m */ = {isa = PBXFileReference; fileEncoding = 4; lastKnownFileType = sourcecode.c.objc; name = MesFramModel.m; path = "作业3素材/MesFramModel.m"; sourceTree = "<group>"; };
		BC1968411B481F3300D0A658 /* Header.h */ = {isa = PBXFileReference; lastKnownFileType = sourcecode.c.h; path = Header.h; sourceTree = "<group>"; };
/* End PBXFileReference section */

/* Begin PBXFrameworksBuildPhase section */
		BC1967C91B480F6000D0A658 /* Frameworks */ = {
			isa = PBXFrameworksBuildPhase;
			buildActionMask = 2147483647;
			files = (
			);
			runOnlyForDeploymentPostprocessing = 0;
		};
		BC1967E21B480F6000D0A658 /* Frameworks */ = {
			isa = PBXFrameworksBuildPhase;
			buildActionMask = 2147483647;
			files = (
			);
			runOnlyForDeploymentPostprocessing = 0;
		};
/* End PBXFrameworksBuildPhase section */

/* Begin PBXGroup section */
		BC1967C31B480F6000D0A658 = {
			isa = PBXGroup;
			children = (
				BC1968371B4814CA00D0A658 /* others */,
				BC1968341B48147A00D0A658 /* Models */,
				BC1967CE1B480F6000D0A658 /* qqChat */,
				BC1968351B48148A00D0A658 /* Views */,
				BC1968361B48149D00D0A658 /* Contrller */,
				BC1967F51B480F7C00D0A658 /* 作业3素材 */,
				BC1967E81B480F6000D0A658 /* qqChatTests */,
				BC1967CD1B480F6000D0A658 /* Products */,
			);
			sourceTree = "<group>";
		};
		BC1967CD1B480F6000D0A658 /* Products */ = {
			isa = PBXGroup;
			children = (
				BC1967CC1B480F6000D0A658 /* qqChat.app */,
				BC1967E51B480F6000D0A658 /* qqChatTests.xctest */,
			);
			name = Products;
			sourceTree = "<group>";
		};
		BC1967CE1B480F6000D0A658 /* qqChat */ = {
			isa = PBXGroup;
			children = (
				BC1968331B48147000D0A658 /* Model */,
				BC1967D31B480F6000D0A658 /* AppDelegate.h */,
				BC1967D41B480F6000D0A658 /* AppDelegate.m */,
				BC1967D91B480F6000D0A658 /* Main.storyboard */,
				BC1967DC1B480F6000D0A658 /* Images.xcassets */,
				BC1967DE1B480F6000D0A658 /* LaunchScreen.xib */,
				BC1967CF1B480F6000D0A658 /* Supporting Files */,
			);
			path = qqChat;
			sourceTree = "<group>";
		};
		BC1967CF1B480F6000D0A658 /* Supporting Files */ = {
			isa = PBXGroup;
			children = (
				BC1967D01B480F6000D0A658 /* Info.plist */,
				BC1967D11B480F6000D0A658 /* main.m */,
			);
			name = "Supporting Files";
			sourceTree = "<group>";
		};
		BC1967E81B480F6000D0A658 /* qqChatTests */ = {
			isa = PBXGroup;
			children = (
				BC1967EB1B480F6000D0A658 /* qqChatTests.m */,
				BC1967E91B480F6000D0A658 /* Supporting Files */,
			);
			path = qqChatTests;
			sourceTree = "<group>";
		};
		BC1967E91B480F6000D0A658 /* Supporting Files */ = {
			isa = PBXGroup;
			children = (
				BC1967EA1B480F6000D0A658 /* Info.plist */,
			);
			name = "Supporting Files";
			sourceTree = "<group>";
		};
		BC1967F51B480F7C00D0A658 /* 作业3素材 */ = {
			isa = PBXGroup;
			children = (
				BC1967F61B480F7C00D0A658 /* 素材文件 */,
			);
			path = "作业3素材";
			sourceTree = "<group>";
		};
		BC1967F61B480F7C00D0A658 /* 素材文件 */ = {
			isa = PBXGroup;
			children = (
				BC1967F71B480F7C00D0A658 /* QQ聊天 */,
			);
			path = "素材文件";
			sourceTree = "<group>";
		};
		BC1967F71B480F7C00D0A658 /* QQ聊天 */ = {
			isa = PBXGroup;
			children = (
				BC1967F81B480F7C00D0A658 /* AppIcon */,
				BC1968031B480F7C00D0A658 /* Chat */,
				BC1968121B480F7C00D0A658 /* LaunchImage */,
				BC1968161B480F7C00D0A658 /* messages.plist */,
			);
			path = "QQ聊天";
			sourceTree = "<group>";
		};
		BC1967F81B480F7C00D0A658 /* AppIcon */ = {
			isa = PBXGroup;
			children = (
				BC1967F91B480F7C00D0A658 /* Icon-120.png */,
				BC1967FA1B480F7C00D0A658 /* Icon-144.png */,
				BC1967FB1B480F7C00D0A658 /* Icon-152.png */,
				BC1967FC1B480F7C00D0A658 /* Icon-29.png */,
				BC1967FD1B480F7C00D0A658 /* Icon-58.png */,
				BC1967FE1B480F7C00D0A658 /* Icon-72.png */,
				BC1967FF1B480F7C00D0A658 /* Icon-76.png */,
				BC1968001B480F7C00D0A658 /* Icon-80.png */,
				BC1968011B480F7C00D0A658 /* Icon.png */,
				BC1968021B480F7C00D0A658 /* Icon@2x.png */,
			);
			path = AppIcon;
			sourceTree = "<group>";
		};
		BC1968031B480F7C00D0A658 /* Chat */ = {
			isa = PBXGroup;
			children = (
				BC1968041B480F7C00D0A658 /* chat_bottom_bg@2x.png */,
				BC1968051B480F7C00D0A658 /* chat_bottom_smile_nor@2x.png */,
				BC1968061B480F7C00D0A658 /* chat_bottom_smile_press@2x.png */,
				BC1968071B480F7C00D0A658 /* chat_bottom_textfield@2x.png */,
				BC1968081B480F7C00D0A658 /* chat_bottom_up_nor@2x.png */,
				BC1968091B480F7C00D0A658 /* chat_bottom_up_press@2x.png */,
				BC19680A1B480F7C00D0A658 /* chat_bottom_voice_nor@2x.png */,
				BC19680B1B480F7C00D0A658 /* chat_bottom_voice_press@2x.png */,
				BC19680C1B480F7C00D0A658 /* chat_recive_nor@2x.png */,
				BC19680D1B480F7C00D0A658 /* chat_recive_press_pic@2x.png */,
				BC19680E1B480F7C00D0A658 /* chat_send_nor@2x.png */,
				BC19680F1B480F7C00D0A658 /* chat_send_press_pic@2x.png */,
				BC1968101B480F7C00D0A658 /* me.png */,
				BC1968111B480F7C00D0A658 /* other.png */,
			);
			path = Chat;
			sourceTree = "<group>";
		};
		BC1968121B480F7C00D0A658 /* LaunchImage */ = {
			isa = PBXGroup;
			children = (
				BC1968131B480F7C00D0A658 /* Default-568h@2x.png */,
				BC1968141B480F7C00D0A658 /* Default.png */,
				BC1968151B480F7C00D0A658 /* Default@2x.png */,
			);
			path = LaunchImage;
			sourceTree = "<group>";
		};
		BC1968331B48147000D0A658 /* Model */ = {
			isa = PBXGroup;
			children = (
			);
			name = Model;
			sourceTree = "<group>";
		};
		BC1968341B48147A00D0A658 /* Models */ = {
			isa = PBXGroup;
			children = (
				BC1968381B4814F800D0A658 /* DialogModel.h */,
				BC1968391B4814F800D0A658 /* DialogModel.m */,
				BC19683E1B481D9E00D0A658 /* MesFramModel.h */,
				BC19683F1B481D9E00D0A658 /* MesFramModel.m */,
			);
			name = Models;
			sourceTree = "<group>";
		};
		BC1968351B48148A00D0A658 /* Views */ = {
			isa = PBXGroup;
			children = (
				BC19683B1B48189200D0A658 /* DialgCell.h */,
				BC19683C1B48189200D0A658 /* DialgCell.m */,
			);
			name = Views;
			path = "作业3素材";
			sourceTree = "<group>";
		};
		BC1968361B48149D00D0A658 /* Contrller */ = {
			isa = PBXGroup;
			children = (
				BC1967D61B480F6000D0A658 /* ViewController.h */,
				BC1967D71B480F6000D0A658 /* ViewController.m */,
			);
			name = Contrller;
			path = "作业3素材";
			sourceTree = "<group>";
		};
		BC1968371B4814CA00D0A658 /* others */ = {
			isa = PBXGroup;
			children = (
				BC1968411B481F3300D0A658 /* Header.h */,
			);
			name = others;
			sourceTree = "<group>";
		};
/* End PBXGroup section */

/* Begin PBXNativeTarget section */
		BC1967CB1B480F6000D0A658 /* qqChat */ = {
			isa = PBXNativeTarget;
			buildConfigurationList = BC1967EF1B480F6000D0A658 /* Build configuration list for PBXNativeTarget "qqChat" */;
			buildPhases = (
				BC1967C81B480F6000D0A658 /* Sources */,
				BC1967C91B480F6000D0A658 /* Frameworks */,
				BC1967CA1B480F6000D0A658 /* Resources */,
			);
			buildRules = (
			);
			dependencies = (
			);
			name = qqChat;
			productName = qqChat;
			productReference = BC1967CC1B480F6000D0A658 /* qqChat.app */;
			productType = "com.apple.product-type.application";
		};
		BC1967E41B480F6000D0A658 /* qqChatTests */ = {
			isa = PBXNativeTarget;
			buildConfigurationList = BC1967F21B480F6000D0A658 /* Build configuration list for PBXNativeTarget "qqChatTests" */;
			buildPhases = (
				BC1967E11B480F6000D0A658 /* Sources */,
				BC1967E21B480F6000D0A658 /* Frameworks */,
				BC1967E31B480F6000D0A658 /* Resources */,
			);
			buildRules = (
			);
			dependencies = (
				BC1967E71B480F6000D0A658 /* PBXTargetDependency */,
			);
			name = qqChatTests;
			productName = qqChatTests;
			productReference = BC1967E51B480F6000D0A658 /* qqChatTests.xctest */;
			productType = "com.apple.product-type.bundle.unit-test";
		};
/* End PBXNativeTarget section */

/* Begin PBXProject section */
		BC1967C41B480F6000D0A658 /* Project object */ = {
			isa = PBXProject;
			attributes = {
				LastUpgradeCheck = 0620;
				ORGANIZATIONNAME = qianfeng;
				TargetAttributes = {
					BC1967CB1B480F6000D0A658 = {
						CreatedOnToolsVersion = 6.2;
					};
					BC1967E41B480F6000D0A658 = {
						CreatedOnToolsVersion = 6.2;
						TestTargetID = BC1967CB1B480F6000D0A658;
					};
				};
			};
			buildConfigurationList = BC1967C71B480F6000D0A658 /* Build configuration list for PBXProject "qqChat" */;
			compatibilityVersion = "Xcode 3.2";
			developmentRegion = English;
			hasScannedForEncodings = 0;
			knownRegions = (
				en,
				Base,
			);
			mainGroup = BC1967C31B480F6000D0A658;
			productRefGroup = BC1967CD1B480F6000D0A658 /* Products */;
			projectDirPath = "";
			projectRoot = "";
			targets = (
				BC1967CB1B480F6000D0A658 /* qqChat */,
				BC1967E41B480F6000D0A658 /* qqChatTests */,
			);
		};
/* End PBXProject section */

/* Begin PBXResourcesBuildPhase section */
		BC1967CA1B480F6000D0A658 /* Resources */ = {
			isa = PBXResourcesBuildPhase;
			buildActionMask = 2147483647;
			files = (
				BC1968291B480F7C00D0A658 /* chat_recive_nor@2x.png in Resources */,
				BC19681F1B480F7C00D0A658 /* Icon.png in Resources */,
				BC1968301B480F7C00D0A658 /* Default.png in Resources */,
				BC1968241B480F7C00D0A658 /* chat_bottom_textfield@2x.png in Resources */,
				BC1968251B480F7C00D0A658 /* chat_bottom_up_nor@2x.png in Resources */,
				BC1968201B480F7C00D0A658 /* Icon@2x.png in Resources */,
				BC19682F1B480F7C00D0A658 /* Default-568h@2x.png in Resources */,
				BC19681A1B480F7C00D0A658 /* Icon-29.png in Resources */,
				BC19682C1B480F7C00D0A658 /* chat_send_press_pic@2x.png in Resources */,
				BC19682E1B480F7C00D0A658 /* other.png in Resources */,
				BC19681B1B480F7C00D0A658 /* Icon-58.png in Resources */,
				BC1968281B480F7C00D0A658 /* chat_bottom_voice_press@2x.png in Resources */,
				BC1968311B480F7C00D0A658 /* Default@2x.png in Resources */,
				BC19682B1B480F7C00D0A658 /* chat_send_nor@2x.png in Resources */,
				BC1968231B480F7C00D0A658 /* chat_bottom_smile_press@2x.png in Resources */,
				BC19681C1B480F7C00D0A658 /* Icon-72.png in Resources */,
				BC1968171B480F7C00D0A658 /* Icon-120.png in Resources */,
				BC19682D1B480F7C00D0A658 /* me.png in Resources */,
				BC1968321B480F7C00D0A658 /* messages.plist in Resources */,
				BC1968191B480F7C00D0A658 /* Icon-152.png in Resources */,
				BC1968261B480F7C00D0A658 /* chat_bottom_up_press@2x.png in Resources */,
				BC1967DB1B480F6000D0A658 /* Main.storyboard in Resources */,
				BC1968271B480F7C00D0A658 /* chat_bottom_voice_nor@2x.png in Resources */,
				BC1967E01B480F6000D0A658 /* LaunchScreen.xib in Resources */,
				BC19681D1B480F7C00D0A658 /* Icon-76.png in Resources */,
				BC1968181B480F7C00D0A658 /* Icon-144.png in Resources */,
				BC1967DD1B480F6000D0A658 /* Images.xcassets in Resources */,
				BC1968211B480F7C00D0A658 /* chat_bottom_bg@2x.png in Resources */,
				BC19681E1B480F7C00D0A658 /* Icon-80.png in Resources */,
				BC1968221B480F7C00D0A658 /* chat_bottom_smile_nor@2x.png in Resources */,
				BC19682A1B480F7C00D0A658 /* chat_recive_press_pic@2x.png in Resources */,
			);
			runOnlyForDeploymentPostprocessing = 0;
		};
		BC1967E31B480F6000D0A658 /* Resources */ = {
			isa = PBXResourcesBuildPhase;
			buildActionMask = 2147483647;
			files = (
			);
			runOnlyForDeploymentPostprocessing = 0;
		};
/* End PBXResourcesBuildPhase section */

/* Begin PBXSourcesBuildPhase section */
		BC1967C81B480F6000D0A658 /* Sources */ = {
			isa = PBXSourcesBuildPhase;
			buildActionMask = 2147483647;
			files = (
				BC1967D81B480F6000D0A658 /* ViewController.m in Sources */,
				BC19683D1B48189200D0A658 /* DialgCell.m in Sources */,
				BC19683A1B4814F800D0A658 /* DialogModel.m in Sources */,
				BC1967D51B480F6000D0A658 /* AppDelegate.m in Sources */,
				BC1967D21B480F6000D0A658 /* main.m in Sources */,
				BC1968401B481D9E00D0A658 /* MesFramModel.m in Sources */,
			);
			runOnlyForDeploymentPostprocessing = 0;
		};
		BC1967E11B480F6000D0A658 /* Sources */ = {
			isa = PBXSourcesBuildPhase;
			buildActionMask = 2147483647;
			files = (
				BC1967EC1B480F6000D0A658 /* qqChatTests.m in Sources */,
			);
			runOnlyForDeploymentPostprocessing = 0;
		};
/* End PBXSourcesBuildPhase section */

/* Begin PBXTargetDependency section */
		BC1967E71B480F6000D0A658 /* PBXTargetDependency */ = {
			isa = PBXTargetDependency;
			target = BC1967CB1B480F6000D0A658 /* qqChat */;
			targetProxy = BC1967E61B480F6000D0A658 /* PBXContainerItemProxy */;
		};
/* End PBXTargetDependency section */

/* Begin PBXVariantGroup section */
		BC1967D91B480F6000D0A658 /* Main.storyboard */ = {
			isa = PBXVariantGroup;
			children = (
				BC1967DA1B480F6000D0A658 /* Base */,
			);
			name = Main.storyboard;
			sourceTree = "<group>";
		};
		BC1967DE1B480F6000D0A658 /* LaunchScreen.xib */ = {
			isa = PBXVariantGroup;
			children = (
				BC1967DF1B480F6000D0A658 /* Base */,
			);
			name = LaunchScreen.xib;
			sourceTree = "<group>";
		};
/* End PBXVariantGroup section */

/* Begin XCBuildConfiguration section */
		BC1967ED1B480F6000D0A658 /* Debug */ = {
			isa = XCBuildConfiguration;
			buildSettings = {
				ALWAYS_SEARCH_USER_PATHS = NO;
				CLANG_CXX_LANGUAGE_STANDARD = "gnu++0x";
				CLANG_CXX_LIBRARY = "libc++";
				CLANG_ENABLE_MODULES = YES;
				CLANG_ENABLE_OBJC_ARC = YES;
				CLANG_WARN_BOOL_CONVERSION = YES;
				CLANG_WARN_CONSTANT_CONVERSION = YES;
				CLANG_WARN_DIRECT_OBJC_ISA_USAGE = YES_ERROR;
				CLANG_WARN_EMPTY_BODY = YES;
				CLANG_WARN_ENUM_CONVERSION = YES;
				CLANG_WARN_INT_CONVERSION = YES;
				CLANG_WARN_OBJC_ROOT_CLASS = YES_ERROR;
				CLANG_WARN_UNREACHABLE_CODE = YES;
				CLANG_WARN__DUPLICATE_METHOD_MATCH = YES;
				"CODE_SIGN_IDENTITY[sdk=iphoneos*]" = "iPhone Developer";
				COPY_PHASE_STRIP = NO;
				ENABLE_STRICT_OBJC_MSGSEND = YES;
				GCC_C_LANGUAGE_STANDARD = gnu99;
				GCC_DYNAMIC_NO_PIC = NO;
				GCC_OPTIMIZATION_LEVEL = 0;
				GCC_PREPROCESSOR_DEFINITIONS = (
					"DEBUG=1",
					"$(inherited)",
				);
				GCC_SYMBOLS_PRIVATE_EXTERN = NO;
				GCC_WARN_64_TO_32_BIT_CONVERSION = YES;
				GCC_WARN_ABOUT_RETURN_TYPE = YES_ERROR;
				GCC_WARN_UNDECLARED_SELECTOR = YES;
				GCC_WARN_UNINITIALIZED_AUTOS = YES_AGGRESSIVE;
				GCC_WARN_UNUSED_FUNCTION = YES;
				GCC_WARN_UNUSED_VARIABLE = YES;
				IPHONEOS_DEPLOYMENT_TARGET = 8.2;
				MTL_ENABLE_DEBUG_INFO = YES;
				ONLY_ACTIVE_ARCH = YES;
				SDKROOT = iphoneos;
				TARGETED_DEVICE_FAMILY = "1,2";
			};
			name = Debug;
		};
		BC1967EE1B480F6000D0A658 /* Release */ = {
			isa = XCBuildConfiguration;
			buildSettings = {
				ALWAYS_SEARCH_USER_PATHS = NO;
				CLANG_CXX_LANGUAGE_STANDARD = "gnu++0x";
				CLANG_CXX_LIBRARY = "libc++";
				CLANG_ENABLE_MODULES = YES;
				CLANG_ENABLE_OBJC_ARC = YES;
				CLANG_WARN_BOOL_CONVERSION = YES;
				CLANG_WARN_CONSTANT_CONVERSION = YES;
				CLANG_WARN_DIRECT_OBJC_ISA_USAGE = YES_ERROR;
				CLANG_WARN_EMPTY_BODY = YES;
				CLANG_WARN_ENUM_CONVERSION = YES;
				CLANG_WARN_INT_CONVERSION = YES;
				CLANG_WARN_OBJC_ROOT_CLASS = YES_ERROR;
				CLANG_WARN_UNREACHABLE_CODE = YES;
				CLANG_WARN__DUPLICATE_METHOD_MATCH = YES;
				"CODE_SIGN_IDENTITY[sdk=iphoneos*]" = "iPhone Developer";
				COPY_PHASE_STRIP = NO;
				ENABLE_NS_ASSERTIONS = NO;
				ENABLE_STRICT_OBJC_MSGSEND = YES;
				GCC_C_LANGUAGE_STANDARD = gnu99;
				GCC_WARN_64_TO_32_BIT_CONVERSION = YES;
				GCC_WARN_ABOUT_RETURN_TYPE = YES_ERROR;
				GCC_WARN_UNDECLARED_SELECTOR = YES;
				GCC_WARN_UNINITIALIZED_AUTOS = YES_AGGRESSIVE;
				GCC_WARN_UNUSED_FUNCTION = YES;
				GCC_WARN_UNUSED_VARIABLE = YES;
				IPHONEOS_DEPLOYMENT_TARGET = 8.2;
				MTL_ENABLE_DEBUG_INFO = NO;
				SDKROOT = iphoneos;
				TARGETED_DEVICE_FAMILY = "1,2";
				VALIDATE_PRODUCT = YES;
			};
			name = Release;
		};
		BC1967F01B480F6000D0A658 /* Debug */ = {
			isa = XCBuildConfiguration;
			buildSettings = {
				ASSETCATALOG_COMPILER_APPICON_NAME = AppIcon;
				INFOPLIST_FILE = qqChat/Info.plist;
				LD_RUNPATH_SEARCH_PATHS = "$(inherited) @executable_path/Frameworks";
				PRODUCT_NAME = "$(TARGET_NAME)";
			};
			name = Debug;
		};
		BC1967F11B480F6000D0A658 /* Release */ = {
			isa = XCBuildConfiguration;
			buildSettings = {
				ASSETCATALOG_COMPILER_APPICON_NAME = AppIcon;
				INFOPLIST_FILE = qqChat/Info.plist;
				LD_RUNPATH_SEARCH_PATHS = "$(inherited) @executable_path/Frameworks";
				PRODUCT_NAME = "$(TARGET_NAME)";
			};
			name = Release;
		};
		BC1967F31B480F6000D0A658 /* Debug */ = {
			isa = XCBuildConfiguration;
			buildSettings = {
				BUNDLE_LOADER = "$(TEST_HOST)";
				FRAMEWORK_SEARCH_PATHS = (
					"$(SDKROOT)/Developer/Library/Frameworks",
					"$(inherited)",
				);
				GCC_PREPROCESSOR_DEFINITIONS = (
					"DEBUG=1",
					"$(inherited)",
				);
				INFOPLIST_FILE = qqChatTests/Info.plist;
				LD_RUNPATH_SEARCH_PATHS = "$(inherited) @executable_path/Frameworks @loader_path/Frameworks";
				PRODUCT_NAME = "$(TARGET_NAME)";
				TEST_HOST = "$(BUILT_PRODUCTS_DIR)/qqChat.app/qqChat";
			};
			name = Debug;
		};
		BC1967F41B480F6000D0A658 /* Release */ = {
			isa = XCBuildConfiguration;
			buildSettings = {
				BUNDLE_LOADER = "$(TEST_HOST)";
				FRAMEWORK_SEARCH_PATHS = (
					"$(SDKROOT)/Developer/Library/Frameworks",
					"$(inherited)",
				);
				INFOPLIST_FILE = qqChatTests/Info.plist;
				LD_RUNPATH_SEARCH_PATHS = "$(inherited) @executable_path/Frameworks @loader_path/Frameworks";
				PRODUCT_NAME = "$(TARGET_NAME)";
				TEST_HOST = "$(BUILT_PRODUCTS_DIR)/qqChat.app/qqChat";
			};
			name = Release;
		};
/* End XCBuildConfiguration section */

/* Begin XCConfigurationList section */
		BC1967C71B480F6000D0A658 /* Build configuration list for PBXProject "qqChat" */ = {
			isa = XCConfigurationList;
			buildConfigurations = (
				BC1967ED1B480F6000D0A658 /* Debug */,
				BC1967EE1B480F6000D0A658 /* Release */,
			);
			defaultConfigurationIsVisible = 0;
			defaultConfigurationName = Release;
		};
		BC1967EF1B480F6000D0A658 /* Build configuration list for PBXNativeTarget "qqChat" */ = {
			isa = XCConfigurationList;
			buildConfigurations = (
				BC1967F01B480F6000D0A658 /* Debug */,
				BC1967F11B480F6000D0A658 /* Release */,
			);
			defaultConfigurationIsVisible = 0;
		};
		BC1967F21B480F6000D0A658 /* Build configuration list for PBXNativeTarget "qqChatTests" */ = {
			isa = XCConfigurationList;
			buildConfigurations = (
				BC1967F31B480F6000D0A658 /* Debug */,
				BC1967F41B480F6000D0A658 /* Release */,
			);
			defaultConfigurationIsVisible = 0;
		};
/* End XCConfigurationList section */
	};
	rootObject = BC1967C41B480F6000D0A658 /* Project object */;
}
